
Microsoft Visual Studio Solution File, Format Version 12.00
# Visual Studio Version 17
VisualStudioVersion = 17.6.33829.357
MinimumVisualStudioVersion = 10.0.40219.1
Project("{FAE04EC0-301F-11D3-BF4B-00C04F79EFBC}") = "AirAidans", "AirAidans\AirAidans.csproj", "{2727F29B-8199-4F1D-83FB-EF8F6C510F54}"
EndProject
Project("{FAE04EC0-301F-11D3-BF4B-00C04F79EFBC}") = "Air Aidan's.DATA.EF", "Air Aidan's.DATA.EF\Air Aidan's.DATA.EF.csproj", "{36D578D9-42F0-4F8A-A380-A6B2DF46F08A}"
EndProject
Global
	GlobalSection(SolutionConfigurationPlatforms) = preSolution
		Debug|Any CPU = Debug|Any CPU
		Release|Any CPU = Release|Any CPU
	EndGlobalSection
	GlobalSection(ProjectConfigurationPlatforms) = postSolution
		{2727F29B-8199-4F1D-83FB-EF8F6C510F54}.Debug|Any CPU.ActiveCfg = Debug|Any CPU
		{2727F29B-8199-4F1D-83FB-EF8F6C510F54}.Debug|Any CPU.Build.0 = Debug|Any CPU
		{2727F29B-8199-4F1D-83FB-EF8F6C510F54}.Release|Any CPU.ActiveCfg = Release|Any CPU
		{2727F29B-8199-4F1D-83FB-EF8F6C510F54}.Release|Any CPU.Build.0 = Release|Any CPU
		{36D578D9-42F0-4F8A-A380-A6B2DF46F08A}.Debug|Any CPU.ActiveCfg = Debug|Any CPU
		{36D578D9-42F0-4F8A-A380-A6B2DF46F08A}.Debug|Any CPU.Build.0 = Debug|Any CPU
		{36D578D9-42F0-4F8A-A380-A6B2DF46F08A}.Release|Any CPU.ActiveCfg = Release|Any CPU
		{36D578D9-42F0-4F8A-A380-A6B2DF46F08A}.Release|Any CPU.Build.0 = Release|Any CPU
	EndGlobalSection
	GlobalSection(SolutionProperties) = preSolution
		HideSolutionNode = FALSE
	EndGlobalSection
	GlobalSection(ExtensibilityGlobals) = postSolution
		SolutionGuid = {84F720B0-4B4F-4061-B723-08E7BB5E47C6}
	EndGlobalSection
EndGlobal
